# This file is automatically @generated by Cargo.
# It is not intended for manual editing.
version = 3

[[package]]
name = "bitflags"
version = "1.3.2"
source = "registry+https://github.com/rust-lang/crates.io-index"
checksum = "bef38d45163c2f1dde094a7dfd33ccf595c92905c8f8f4fdc18d06fb1037718a"

[[package]]
name = "bitflags"
version = "2.9.1"
source = "registry+https://github.com/rust-lang/crates.io-index"
checksum = "1b8e56985ec62d17e9c1001dc89c88ecd7dc08e47eba5ec7c29c7b5eeecde967"

[[package]]
name = "dino_vmm"
version = "0.1.0"
dependencies = [
 "kvm-bindings",
 "kvm-ioctls",
]

[[package]]
name = "kvm-bindings"
version = "0.13.0"
source = "registry+https://github.com/rust-lang/crates.io-index"
checksum = "cf3432d9f609fbede9f624d1dbefcce77985a9322de1d0e6d460ec05502b7fd0"
dependencies = [
 "vmm-sys-util",
]

[[package]]
name = "kvm-ioctls"
version = "0.23.0"
source = "registry+https://github.com/rust-lang/crates.io-index"
checksum = "0e00243d27a20feb05cf001ae52ddc79831ac70c020f215ba1153ff9270b650a"
dependencies = [
 "bitflags 2.9.1",
 "kvm-bindings",
 "libc",
 "vmm-sys-util",
]

[[package]]
name = "libc"
version = "0.2.174"
source = "registry+https://github.com/rust-lang/crates.io-index"
checksum = "1171693293099992e19cddea4e8b849964e9846f4acee11b3948bcc337be8776"

[[package]]
name = "vmm-sys-util"
version = "0.14.0"
source = "registry+https://github.com/rust-lang/crates.io-index"
checksum = "d21f366bf22bfba3e868349978766a965cbe628c323d58e026be80b8357ab789"
dependencies = [
 "bitflags 1.3.2",
 "libc",
]
